
Microsoft Visual Studio Solution File, Format Version 12.00
Project("{FAE04EC0-301F-11D3-BF4B-00C04F79EFBC}") = "Sudoku", "Sudoku\Sudoku.csproj", "{D5B4C3BF-FC02-4F28-A509-5D521FDC72AF}"
EndProject
Project("{FAE04EC0-301F-11D3-BF4B-00C04F79EFBC}") = "Tests", "Tests\Tests.csproj", "{31C8B1B6-45B7-445D-93B7-834E86F5EC3F}"
EndProject
Global
	GlobalSection(SolutionConfigurationPlatforms) = preSolution
		Debug|Any CPU = Debug|Any CPU
		Release|Any CPU = Release|Any CPU
	EndGlobalSection
	GlobalSection(ProjectConfigurationPlatforms) = postSolution
		{D5B4C3BF-FC02-4F28-A509-5D521FDC72AF}.Debug|Any CPU.ActiveCfg = Debug|Any CPU
		{D5B4C3BF-FC02-4F28-A509-5D521FDC72AF}.Debug|Any CPU.Build.0 = Debug|Any CPU
		{D5B4C3BF-FC02-4F28-A509-5D521FDC72AF}.Release|Any CPU.ActiveCfg = Release|Any CPU
		{D5B4C3BF-FC02-4F28-A509-5D521FDC72AF}.Release|Any CPU.Build.0 = Release|Any CPU
		{31C8B1B6-45B7-445D-93B7-834E86F5EC3F}.Debug|Any CPU.ActiveCfg = Debug|Any CPU
		{31C8B1B6-45B7-445D-93B7-834E86F5EC3F}.Debug|Any CPU.Build.0 = Debug|Any CPU
		{31C8B1B6-45B7-445D-93B7-834E86F5EC3F}.Release|Any CPU.ActiveCfg = Release|Any CPU
		{31C8B1B6-45B7-445D-93B7-834E86F5EC3F}.Release|Any CPU.Build.0 = Release|Any CPU
	EndGlobalSection
EndGlobal
